
Microsoft Visual Studio Solution File, Format Version 12.00
# Visual Studio Version 17
VisualStudioVersion = 17.1.32421.90
MinimumVisualStudioVersion = 10.0.40219.1
Project("{9A19103F-16F7-4668-BE54-9A1E7A4F7556}") = "bookstore", "bookstore\bookstore.csproj", "{A0E25EFB-21BF-4A41-B364-D73756574674}"
EndProject
Project("{9A19103F-16F7-4668-BE54-9A1E7A4F7556}") = "Bookstore.Playground", "test\Bookstore.Playground\Bookstore.Playground.csproj", "{6FE71BE2-393C-433A-99F2-D439AD4CEDA3}"
EndProject
Project("{9A19103F-16F7-4668-BE54-9A1E7A4F7556}") = "Bookstore.RhetosExtensions", "Bookstore.RhetosExtensions\Bookstore.RhetosExtensions.csproj", "{B595CA40-A7BA-4FFA-B081-62758F05C3D9}"
EndProject
Global
	GlobalSection(SolutionConfigurationPlatforms) = preSolution
		Debug|Any CPU = Debug|Any CPU
		Release|Any CPU = Release|Any CPU
	EndGlobalSection
	GlobalSection(ProjectConfigurationPlatforms) = postSolution
		{A0E25EFB-21BF-4A41-B364-D73756574674}.Debug|Any CPU.ActiveCfg = Debug|Any CPU
		{A0E25EFB-21BF-4A41-B364-D73756574674}.Debug|Any CPU.Build.0 = Debug|Any CPU
		{A0E25EFB-21BF-4A41-B364-D73756574674}.Release|Any CPU.ActiveCfg = Release|Any CPU
		{A0E25EFB-21BF-4A41-B364-D73756574674}.Release|Any CPU.Build.0 = Release|Any CPU
		{6FE71BE2-393C-433A-99F2-D439AD4CEDA3}.Debug|Any CPU.ActiveCfg = Debug|Any CPU
		{6FE71BE2-393C-433A-99F2-D439AD4CEDA3}.Debug|Any CPU.Build.0 = Debug|Any CPU
		{6FE71BE2-393C-433A-99F2-D439AD4CEDA3}.Release|Any CPU.ActiveCfg = Release|Any CPU
		{6FE71BE2-393C-433A-99F2-D439AD4CEDA3}.Release|Any CPU.Build.0 = Release|Any CPU
		{B595CA40-A7BA-4FFA-B081-62758F05C3D9}.Debug|Any CPU.ActiveCfg = Debug|Any CPU
		{B595CA40-A7BA-4FFA-B081-62758F05C3D9}.Debug|Any CPU.Build.0 = Debug|Any CPU
		{B595CA40-A7BA-4FFA-B081-62758F05C3D9}.Release|Any CPU.ActiveCfg = Release|Any CPU
		{B595CA40-A7BA-4FFA-B081-62758F05C3D9}.Release|Any CPU.Build.0 = Release|Any CPU
	EndGlobalSection
	GlobalSection(SolutionProperties) = preSolution
		HideSolutionNode = FALSE
	EndGlobalSection
	GlobalSection(ExtensibilityGlobals) = postSolution
		SolutionGuid = {90B34FF3-01D0-4F90-911F-109C4E8807D1}
	EndGlobalSection
EndGlobal
